
Microsoft Visual Studio Solution File, Format Version 12.00
# Visual Studio Version 16
VisualStudioVersion = 16.0.30611.23
MinimumVisualStudioVersion = 10.0.40219.1
Project("{9A19103F-16F7-4668-BE54-9A1E7A4F7556}") = "DotNet_Core_with_Entity_Framework_Core_With_MySql", "MYSQL_and_EFCore\DotNet_Core_with_Entity_Framework_Core_With_MySql.csproj", "{ABE10ED9-7084-4E2E-BDD6-D417ABE153A0}"
EndProject
Global
	GlobalSection(SolutionConfigurationPlatforms) = preSolution
		Debug|Any CPU = Debug|Any CPU
		Release|Any CPU = Release|Any CPU
	EndGlobalSection
	GlobalSection(ProjectConfigurationPlatforms) = postSolution
		{ABE10ED9-7084-4E2E-BDD6-D417ABE153A0}.Debug|Any CPU.ActiveCfg = Debug|Any CPU
		{ABE10ED9-7084-4E2E-BDD6-D417ABE153A0}.Debug|Any CPU.Build.0 = Debug|Any CPU
		{ABE10ED9-7084-4E2E-BDD6-D417ABE153A0}.Release|Any CPU.ActiveCfg = Release|Any CPU
		{ABE10ED9-7084-4E2E-BDD6-D417ABE153A0}.Release|Any CPU.Build.0 = Release|Any CPU
	EndGlobalSection
	GlobalSection(SolutionProperties) = preSolution
		HideSolutionNode = FALSE
	EndGlobalSection
	GlobalSection(ExtensibilityGlobals) = postSolution
		SolutionGuid = {760D0964-DD82-4F20-B231-2F2C1982BAE8}
	EndGlobalSection
EndGlobal
